PODS:
  - Alamofire (3.4.2)
  - CloudConvert (1.0.2):
    - Alamofire (~> 3.4)

DEPENDENCIES:
  - CloudConvert (from `..`)

EXTERNAL SOURCES:
  CloudConvert:
    :path: ..

SPEC CHECKSUMS:
  Alamofire: 6aa33201d20d069e1598891cf928883ff1888c7a
  CloudConvert: 99da39d0645dcc338478c04ba247c6fb66221d22

PODFILE CHECKSUM: a1adb91ccaec47ebb5b3828561c29669d891d75e

COCOAPODS: 1.0.1
