PODS:
  - Alamofire (4.4.0)
  - CloudConvert (1.0.3):
    - Alamofire (~> 4.0)

DEPENDENCIES:
  - CloudConvert (from `..`)

EXTERNAL SOURCES:
  CloudConvert:
    :path: ..

SPEC CHECKSUMS:
  Alamofire: dc44b1600b800eb63da6a19039a0083d62a6a62d
  CloudConvert: a71a836bcd2830a4728c3512f3e2968646b1f2d8

PODFILE CHECKSUM: 4a383076aae0f9e700cc34127ea6a1c4ca1b5c53

COCOAPODS: 1.1.1
