PODS:
  - Alamofire (4.5.1)
  - CloudConvert (1.0.3):
    - Alamofire (~> 4.5)

DEPENDENCIES:
  - CloudConvert (from `..`)

EXTERNAL SOURCES:
  CloudConvert:
    :path: ..

SPEC CHECKSUMS:
  Alamofire: 2d95912bf4c34f164fdfc335872e8c312acaea4a
  CloudConvert: 93e787af4e7739966d0bcea5d38e09fc2676f3b4

PODFILE CHECKSUM: a1adb91ccaec47ebb5b3828561c29669d891d75e

COCOAPODS: 1.3.1
