// !$*UTF8*$!
{
	archiveVersion = 1;
	classes = {
	};
	objectVersion = 46;
	objects = {

/* Begin PBXBuildFile section */
		48EAF9891AD0613D0096B526 /* file.png in Resources */ = {isa = PBXBuildFile; fileRef = 48EAF9881AD0613D0096B526 /* file.png */; };
		48F6DBE71ACEF54300C63959 /* AppDelegate.swift in Sources */ = {isa = PBXBuildFile; fileRef = 48F6DBE61ACEF54300C63959 /* AppDelegate.swift */; };
		48F6DBE91ACEF54300C63959 /* ViewController.swift in Sources */ = {isa = PBXBuildFile; fileRef = 48F6DBE81ACEF54300C63959 /* ViewController.swift */; };
		48F6DBEC1ACEF54300C63959 /* Main.storyboard in Resources */ = {isa = PBXBuildFile; fileRef = 48F6DBEA1ACEF54300C63959 /* Main.storyboard */; };
		48F6DBEE1ACEF54300C63959 /* Images.xcassets in Resources */ = {isa = PBXBuildFile; fileRef = 48F6DBED1ACEF54300C63959 /* Images.xcassets */; };
		48F6DBF11ACEF54300C63959 /* LaunchScreen.xib in Resources */ = {isa = PBXBuildFile; fileRef = 48F6DBEF1ACEF54300C63959 /* LaunchScreen.xib */; };
		50DB73B6E1DB6372397274C9 /* Pods_CloudConvertExample.framework in Frameworks */ = {isa = PBXBuildFile; fileRef = FC17190110A25E3707525070 /* Pods_CloudConvertExample.framework */; };
/* End PBXBuildFile section */

/* Begin PBXFileReference section */
		3F502899C1DEBBCCEEE4D7F3 /* Pods.framework */ = {isa = PBXFileReference; explicitFileType = wrapper.framework; includeInIndex = 0; path = Pods.framework; sourceTree = BUILT_PRODUCTS_DIR; };
		48EAF9881AD0613D0096B526 /* file.png */ = {isa = PBXFileReference; lastKnownFileType = image.png; path = file.png; sourceTree = "<group>"; };
		48F6DBE11ACEF54300C63959 /* CloudConvertExample.app */ = {isa = PBXFileReference; explicitFileType = wrapper.application; includeInIndex = 0; path = CloudConvertExample.app; sourceTree = BUILT_PRODUCTS_DIR; };
		48F6DBE51ACEF54300C63959 /* Info.plist */ = {isa = PBXFileReference; lastKnownFileType = text.plist.xml; path = Info.plist; sourceTree = "<group>"; };
		48F6DBE61ACEF54300C63959 /* AppDelegate.swift */ = {isa = PBXFileReference; lastKnownFileType = sourcecode.swift; path = AppDelegate.swift; sourceTree = "<group>"; };
		48F6DBE81ACEF54300C63959 /* ViewController.swift */ = {isa = PBXFileReference; lastKnownFileType = sourcecode.swift; path = ViewController.swift; sourceTree = "<group>"; };
		48F6DBEB1ACEF54300C63959 /* Base */ = {isa = PBXFileReference; lastKnownFileType = file.storyboard; name = Base; path = Base.lproj/Main.storyboard; sourceTree = "<group>"; };
		48F6DBED1ACEF54300C63959 /* Images.xcassets */ = {isa = PBXFileReference; lastKnownFileType = folder.assetcatalog; path = Images.xcassets; sourceTree = "<group>"; };
		48F6DBF01ACEF54300C63959 /* Base */ = {isa = PBXFileReference; lastKnownFileType = file.xib; name = Base; path = Base.lproj/LaunchScreen.xib; sourceTree = "<group>"; };
		878224C186E3A761EF299877 /* Pods-CloudConvertExample.release.xcconfig */ = {isa = PBXFileReference; includeInIndex = 1; lastKnownFileType = text.xcconfig; name = "Pods-CloudConvertExample.release.xcconfig"; path = "Pods/Target Support Files/Pods-CloudConvertExample/Pods-CloudConvertExample.release.xcconfig"; sourceTree = "<group>"; };
		8B7DAA5C8678A28CEA999FAD /* Pods-CloudConvertExample.debug.xcconfig */ = {isa = PBXFileReference; includeInIndex = 1; lastKnownFileType = text.xcconfig; name = "Pods-CloudConvertExample.debug.xcconfig"; path = "Pods/Target Support Files/Pods-CloudConvertExample/Pods-CloudConvertExample.debug.xcconfig"; sourceTree = "<group>"; };
		FC17190110A25E3707525070 /* Pods_CloudConvertExample.framework */ = {isa = PBXFileReference; explicitFileType = wrapper.framework; includeInIndex = 0; path = Pods_CloudConvertExample.framework; sourceTree = BUILT_PRODUCTS_DIR; };
/* End PBXFileReference section */

/* Begin PBXFrameworksBuildPhase section */
		48F6DBDE1ACEF54300C63959 /* Frameworks */ = {
			isa = PBXFrameworksBuildPhase;
			buildActionMask = 2147483647;
			files = (
				50DB73B6E1DB6372397274C9 /* Pods_CloudConvertExample.framework in Frameworks */,
			);
			runOnlyForDeploymentPostprocessing = 0;
		};
/* End PBXFrameworksBuildPhase section */

/* Begin PBXGroup section */
		160A171C72F7ABBF6E54660A /* Pods */ = {
			isa = PBXGroup;
			children = (
				8B7DAA5C8678A28CEA999FAD /* Pods-CloudConvertExample.debug.xcconfig */,
				878224C186E3A761EF299877 /* Pods-CloudConvertExample.release.xcconfig */,
			);
			name = Pods;
			sourceTree = "<group>";
		};
		48EAF9871AD061200096B526 /* Testfiles */ = {
			isa = PBXGroup;
			children = (
				48EAF9881AD0613D0096B526 /* file.png */,
			);
			name = Testfiles;
			sourceTree = "<group>";
		};
		48F6DBD81ACEF54300C63959 = {
			isa = PBXGroup;
			children = (
				48F6DBE31ACEF54300C63959 /* CloudConvertExample */,
				48EAF9871AD061200096B526 /* Testfiles */,
				48F6DBE21ACEF54300C63959 /* Products */,
				91E9977889FAC4A0BAC50752 /* Frameworks */,
				160A171C72F7ABBF6E54660A /* Pods */,
			);
			sourceTree = "<group>";
		};
		48F6DBE21ACEF54300C63959 /* Products */ = {
			isa = PBXGroup;
			children = (
				48F6DBE11ACEF54300C63959 /* CloudConvertExample.app */,
			);
			name = Products;
			sourceTree = "<group>";
		};
		48F6DBE31ACEF54300C63959 /* CloudConvertExample */ = {
			isa = PBXGroup;
			children = (
				48F6DBE61ACEF54300C63959 /* AppDelegate.swift */,
				48F6DBE81ACEF54300C63959 /* ViewController.swift */,
				48F6DBEA1ACEF54300C63959 /* Main.storyboard */,
				48F6DBED1ACEF54300C63959 /* Images.xcassets */,
				48F6DBEF1ACEF54300C63959 /* LaunchScreen.xib */,
				48F6DBE41ACEF54300C63959 /* Supporting Files */,
			);
			path = CloudConvertExample;
			sourceTree = "<group>";
		};
		48F6DBE41ACEF54300C63959 /* Supporting Files */ = {
			isa = PBXGroup;
			children = (
				48F6DBE51ACEF54300C63959 /* Info.plist */,
			);
			name = "Supporting Files";
			sourceTree = "<group>";
		};
		91E9977889FAC4A0BAC50752 /* Frameworks */ = {
			isa = PBXGroup;
			children = (
				3F502899C1DEBBCCEEE4D7F3 /* Pods.framework */,
				FC17190110A25E3707525070 /* Pods_CloudConvertExample.framework */,
			);
			name = Frameworks;
			sourceTree = "<group>";
		};
/* End PBXGroup section */

/* Begin PBXNativeTarget section */
		48F6DBE01ACEF54300C63959 /* CloudConvertExample */ = {
			isa = PBXNativeTarget;
			buildConfigurationList = 48F6DC001ACEF54300C63959 /* Build configuration list for PBXNativeTarget "CloudConvertExample" */;
			buildPhases = (
				34A7DD2BBF341954D81753DE /* [CP] Check Pods Manifest.lock */,
				48F6DBDD1ACEF54300C63959 /* Sources */,
				48F6DBDE1ACEF54300C63959 /* Frameworks */,
				48F6DBDF1ACEF54300C63959 /* Resources */,
				F4E610D11D4E1C2062633133 /* [CP] Embed Pods Frameworks */,
				71BA0A9B5311C97A61CD3249 /* [CP] Copy Pods Resources */,
			);
			buildRules = (
			);
			dependencies = (
			);
			name = CloudConvertExample;
			productName = CloudConvertExample;
			productReference = 48F6DBE11ACEF54300C63959 /* CloudConvertExample.app */;
			productType = "com.apple.product-type.application";
		};
/* End PBXNativeTarget section */

/* Begin PBXProject section */
		48F6DBD91ACEF54300C63959 /* Project object */ = {
			isa = PBXProject;
			attributes = {
				LastSwiftMigration = 0710;
				LastSwiftUpdateCheck = 0710;
				LastUpgradeCheck = 0900;
				ORGANIZATIONNAME = "Lunaweb Ltd.";
				TargetAttributes = {
					48F6DBE01ACEF54300C63959 = {
						CreatedOnToolsVersion = 6.2;
						DevelopmentTeam = N8D6V35K4C;
					};
				};
			};
			buildConfigurationList = 48F6DBDC1ACEF54300C63959 /* Build configuration list for PBXProject "CloudConvertExample" */;
			compatibilityVersion = "Xcode 3.2";
			developmentRegion = English;
			hasScannedForEncodings = 0;
			knownRegions = (
				en,
				Base,
			);
			mainGroup = 48F6DBD81ACEF54300C63959;
			productRefGroup = 48F6DBE21ACEF54300C63959 /* Products */;
			projectDirPath = "";
			projectRoot = "";
			targets = (
				48F6DBE01ACEF54300C63959 /* CloudConvertExample */,
			);
		};
/* End PBXProject section */

/* Begin PBXResourcesBuildPhase section */
		48F6DBDF1ACEF54300C63959 /* Resources */ = {
			isa = PBXResourcesBuildPhase;
			buildActionMask = 2147483647;
			files = (
				48EAF9891AD0613D0096B526 /* file.png in Resources */,
				48F6DBEC1ACEF54300C63959 /* Main.storyboard in Resources */,
				48F6DBF11ACEF54300C63959 /* LaunchScreen.xib in Resources */,
				48F6DBEE1ACEF54300C63959 /* Images.xcassets in Resources */,
			);
			runOnlyForDeploymentPostprocessing = 0;
		};
/* End PBXResourcesBuildPhase section */

/* Begin PBXShellScriptBuildPhase section */
		34A7DD2BBF341954D81753DE /* [CP] Check Pods Manifest.lock */ = {
			isa = PBXShellScriptBuildPhase;
			buildActionMask = 2147483647;
			files = (
			);
			inputPaths = (
				"${PODS_PODFILE_DIR_PATH}/Podfile.lock",
				"${PODS_ROOT}/Manifest.lock",
			);
			name = "[CP] Check Pods Manifest.lock";
			outputPaths = (
				"$(DERIVED_FILE_DIR)/Pods-CloudConvertExample-checkManifestLockResult.txt",
			);
			runOnlyForDeploymentPostprocessing = 0;
			shellPath = /bin/sh;
			shellScript = "diff \"${PODS_PODFILE_DIR_PATH}/Podfile.lock\" \"${PODS_ROOT}/Manifest.lock\" > /dev/null\nif [ $? != 0 ] ; then\n    # print error to STDERR\n    echo \"error: The sandbox is not in sync with the Podfile.lock. Run 'pod install' or update your CocoaPods installation.\" >&2\n    exit 1\nfi\n# This output is used by Xcode 'outputs' to avoid re-running this script phase.\necho \"SUCCESS\" > \"${SCRIPT_OUTPUT_FILE_0}\"\n";
			showEnvVarsInLog = 0;
		};
		71BA0A9B5311C97A61CD3249 /* [CP] Copy Pods Resources */ = {
			isa = PBXShellScriptBuildPhase;
			buildActionMask = 2147483647;
			files = (
			);
			inputPaths = (
			);
			name = "[CP] Copy Pods Resources";
			outputPaths = (
			);
			runOnlyForDeploymentPostprocessing = 0;
			shellPath = /bin/sh;
			shellScript = "\"${SRCROOT}/Pods/Target Support Files/Pods-CloudConvertExample/Pods-CloudConvertExample-resources.sh\"\n";
			showEnvVarsInLog = 0;
		};
		F4E610D11D4E1C2062633133 /* [CP] Embed Pods Frameworks */ = {
			isa = PBXShellScriptBuildPhase;
			buildActionMask = 2147483647;
			files = (
			);
			inputPaths = (
				"${SRCROOT}/Pods/Target Support Files/Pods-CloudConvertExample/Pods-CloudConvertExample-frameworks.sh",
				"${BUILT_PRODUCTS_DIR}/Alamofire/Alamofire.framework",
				"${BUILT_PRODUCTS_DIR}/CloudConvert/CloudConvert.framework",
			);
			name = "[CP] Embed Pods Frameworks";
			outputPaths = (
				"${TARGET_BUILD_DIR}/${FRAMEWORKS_FOLDER_PATH}/Alamofire.framework",
				"${TARGET_BUILD_DIR}/${FRAMEWORKS_FOLDER_PATH}/CloudConvert.framework",
			);
			runOnlyForDeploymentPostprocessing = 0;
			shellPath = /bin/sh;
			shellScript = "\"${SRCROOT}/Pods/Target Support Files/Pods-CloudConvertExample/Pods-CloudConvertExample-frameworks.sh\"\n";
			showEnvVarsInLog = 0;
		};
/* End PBXShellScriptBuildPhase section */

/* Begin PBXSourcesBuildPhase section */
		48F6DBDD1ACEF54300C63959 /* Sources */ = {
			isa = PBXSourcesBuildPhase;
			buildActionMask = 2147483647;
			files = (
				48F6DBE91ACEF54300C63959 /* ViewController.swift in Sources */,
				48F6DBE71ACEF54300C63959 /* AppDelegate.swift in Sources */,
			);
			runOnlyForDeploymentPostprocessing = 0;
		};
/* End PBXSourcesBuildPhase section */

/* Begin PBXVariantGroup section */
		48F6DBEA1ACEF54300C63959 /* Main.storyboard */ = {
			isa = PBXVariantGroup;
			children = (
				48F6DBEB1ACEF54300C63959 /* Base */,
			);
			name = Main.storyboard;
			sourceTree = "<group>";
		};
		48F6DBEF1ACEF54300C63959 /* LaunchScreen.xib */ = {
			isa = PBXVariantGroup;
			children = (
				48F6DBF01ACEF54300C63959 /* Base */,
			);
			name = LaunchScreen.xib;
			sourceTree = "<group>";
		};
/* End PBXVariantGroup section */

/* Begin XCBuildConfiguration section */
		48F6DBFE1ACEF54300C63959 /* Debug */ = {
			isa = XCBuildConfiguration;
			buildSettings = {
				ALWAYS_SEARCH_USER_PATHS = NO;
				CLANG_CXX_LANGUAGE_STANDARD = "gnu++0x";
				CLANG_CXX_LIBRARY = "libc++";
				CLANG_ENABLE_MODULES = YES;
				CLANG_ENABLE_OBJC_ARC = YES;
				CLANG_WARN_BLOCK_CAPTURE_AUTORELEASING = YES;
				CLANG_WARN_BOOL_CONVERSION = YES;
				CLANG_WARN_COMMA = YES;
				CLANG_WARN_CONSTANT_CONVERSION = YES;
				CLANG_WARN_DIRECT_OBJC_ISA_USAGE = YES_ERROR;
				CLANG_WARN_EMPTY_BODY = YES;
				CLANG_WARN_ENUM_CONVERSION = YES;
				CLANG_WARN_INFINITE_RECURSION = YES;
				CLANG_WARN_INT_CONVERSION = YES;
				CLANG_WARN_NON_LITERAL_NULL_CONVERSION = YES;
				CLANG_WARN_OBJC_LITERAL_CONVERSION = YES;
				CLANG_WARN_OBJC_ROOT_CLASS = YES_ERROR;
				CLANG_WARN_RANGE_LOOP_ANALYSIS = YES;
				CLANG_WARN_STRICT_PROTOTYPES = YES;
				CLANG_WARN_SUSPICIOUS_MOVE = YES;
				CLANG_WARN_UNREACHABLE_CODE = YES;
				CLANG_WARN__DUPLICATE_METHOD_MATCH = YES;
				"CODE_SIGN_IDENTITY[sdk=iphoneos*]" = "iPhone Developer";
				COPY_PHASE_STRIP = NO;
				ENABLE_STRICT_OBJC_MSGSEND = YES;
				ENABLE_TESTABILITY = YES;
				GCC_C_LANGUAGE_STANDARD = gnu99;
				GCC_DYNAMIC_NO_PIC = NO;
				GCC_NO_COMMON_BLOCKS = YES;
				GCC_OPTIMIZATION_LEVEL = 0;
				GCC_PREPROCESSOR_DEFINITIONS = (
					"DEBUG=1",
					"$(inherited)",
				);
				GCC_SYMBOLS_PRIVATE_EXTERN = NO;
				GCC_WARN_64_TO_32_BIT_CONVERSION = YES;
				GCC_WARN_ABOUT_RETURN_TYPE = YES_ERROR;
				GCC_WARN_UNDECLARED_SELECTOR = YES;
				GCC_WARN_UNINITIALIZED_AUTOS = YES_AGGRESSIVE;
				GCC_WARN_UNUSED_FUNCTION = YES;
				GCC_WARN_UNUSED_VARIABLE = YES;
				IPHONEOS_DEPLOYMENT_TARGET = 8.2;
				MTL_ENABLE_DEBUG_INFO = YES;
				ONLY_ACTIVE_ARCH = YES;
				SDKROOT = iphoneos;
				SWIFT_OPTIMIZATION_LEVEL = "-Onone";
				TARGETED_DEVICE_FAMILY = "1,2";
			};
			name = Debug;
		};
		48F6DBFF1ACEF54300C63959 /* Release */ = {
			isa = XCBuildConfiguration;
			buildSettings = {
				ALWAYS_SEARCH_USER_PATHS = NO;
				CLANG_CXX_LANGUAGE_STANDARD = "gnu++0x";
				CLANG_CXX_LIBRARY = "libc++";
				CLANG_ENABLE_MODULES = YES;
				CLANG_ENABLE_OBJC_ARC = YES;
				CLANG_WARN_BLOCK_CAPTURE_AUTORELEASING = YES;
				CLANG_WARN_BOOL_CONVERSION = YES;
				CLANG_WARN_COMMA = YES;
				CLANG_WARN_CONSTANT_CONVERSION = YES;
				CLANG_WARN_DIRECT_OBJC_ISA_USAGE = YES_ERROR;
				CLANG_WARN_EMPTY_BODY = YES;
				CLANG_WARN_ENUM_CONVERSION = YES;
				CLANG_WARN_INFINITE_RECURSION = YES;
				CLANG_WARN_INT_CONVERSION = YES;
				CLANG_WARN_NON_LITERAL_NULL_CONVERSION = YES;
				CLANG_WARN_OBJC_LITERAL_CONVERSION = YES;
				CLANG_WARN_OBJC_ROOT_CLASS = YES_ERROR;
				CLANG_WARN_RANGE_LOOP_ANALYSIS = YES;
				CLANG_WARN_STRICT_PROTOTYPES = YES;
				CLANG_WARN_SUSPICIOUS_MOVE = YES;
				CLANG_WARN_UNREACHABLE_CODE = YES;
				CLANG_WARN__DUPLICATE_METHOD_MATCH = YES;
				"CODE_SIGN_IDENTITY[sdk=iphoneos*]" = "iPhone Developer";
				COPY_PHASE_STRIP = NO;
				ENABLE_NS_ASSERTIONS = NO;
				ENABLE_STRICT_OBJC_MSGSEND = YES;
				GCC_C_LANGUAGE_STANDARD = gnu99;
				GCC_NO_COMMON_BLOCKS = YES;
				GCC_WARN_64_TO_32_BIT_CONVERSION = YES;
				GCC_WARN_ABOUT_RETURN_TYPE = YES_ERROR;
				GCC_WARN_UNDECLARED_SELECTOR = YES;
				GCC_WARN_UNINITIALIZED_AUTOS = YES_AGGRESSIVE;
				GCC_WARN_UNUSED_FUNCTION = YES;
				GCC_WARN_UNUSED_VARIABLE = YES;
				IPHONEOS_DEPLOYMENT_TARGET = 8.2;
				MTL_ENABLE_DEBUG_INFO = NO;
				SDKROOT = iphoneos;
				SWIFT_OPTIMIZATION_LEVEL = "-Owholemodule";
				TARGETED_DEVICE_FAMILY = "1,2";
				VALIDATE_PRODUCT = YES;
			};
			name = Release;
		};
		48F6DC011ACEF54300C63959 /* Debug */ = {
			isa = XCBuildConfiguration;
			baseConfigurationReference = 8B7DAA5C8678A28CEA999FAD /* Pods-CloudConvertExample.debug.xcconfig */;
			buildSettings = {
				ALWAYS_EMBED_SWIFT_STANDARD_LIBRARIES = YES;
				ASSETCATALOG_COMPILER_APPICON_NAME = AppIcon;
				CODE_SIGN_IDENTITY = "iPhone Developer";
				"CODE_SIGN_IDENTITY[sdk=iphoneos*]" = "iPhone Developer";
				DEVELOPMENT_TEAM = N8D6V35K4C;
				INFOPLIST_FILE = CloudConvertExample/Info.plist;
				IPHONEOS_DEPLOYMENT_TARGET = 9.0;
				LD_RUNPATH_SEARCH_PATHS = "$(inherited) @executable_path/Frameworks";
				PRODUCT_BUNDLE_IDENTIFIER = "com.cloudconvert.$(PRODUCT_NAME:rfc1034identifier)";
				PRODUCT_NAME = "$(TARGET_NAME)";
				PROVISIONING_PROFILE = "";
				SWIFT_VERSION = 4.0;
			};
			name = Debug;
		};
		48F6DC021ACEF54300C63959 /* Release */ = {
			isa = XCBuildConfiguration;
			baseConfigurationReference = 878224C186E3A761EF299877 /* Pods-CloudConvertExample.release.xcconfig */;
			buildSettings = {
				ALWAYS_EMBED_SWIFT_STANDARD_LIBRARIES = YES;
				ASSETCATALOG_COMPILER_APPICON_NAME = AppIcon;
				CODE_SIGN_IDENTITY = "iPhone Developer";
				"CODE_SIGN_IDENTITY[sdk=iphoneos*]" = "iPhone Developer";
				DEVELOPMENT_TEAM = N8D6V35K4C;
				INFOPLIST_FILE = CloudConvertExample/Info.plist;
				IPHONEOS_DEPLOYMENT_TARGET = 9.0;
				LD_RUNPATH_SEARCH_PATHS = "$(inherited) @executable_path/Frameworks";
				PRODUCT_BUNDLE_IDENTIFIER = "com.cloudconvert.$(PRODUCT_NAME:rfc1034identifier)";
				PRODUCT_NAME = "$(TARGET_NAME)";
				PROVISIONING_PROFILE = "";
				SWIFT_VERSION = 4.0;
			};
			name = Release;
		};
/* End XCBuildConfiguration section */

/* Begin XCConfigurationList section */
		48F6DBDC1ACEF54300C63959 /* Build configuration list for PBXProject "CloudConvertExample" */ = {
			isa = XCConfigurationList;
			buildConfigurations = (
				48F6DBFE1ACEF54300C63959 /* Debug */,
				48F6DBFF1ACEF54300C63959 /* Release */,
			);
			defaultConfigurationIsVisible = 0;
			defaultConfigurationName = Release;
		};
		48F6DC001ACEF54300C63959 /* Build configuration list for PBXNativeTarget "CloudConvertExample" */ = {
			isa = XCConfigurationList;
			buildConfigurations = (
				48F6DC011ACEF54300C63959 /* Debug */,
				48F6DC021ACEF54300C63959 /* Release */,
			);
			defaultConfigurationIsVisible = 0;
			defaultConfigurationName = Release;
		};
/* End XCConfigurationList section */
	};
	rootObject = 48F6DBD91ACEF54300C63959 /* Project object */;
}
